// !$*UTF8*$!
{
	archiveVersion = 1;
	classes = {
	};
	objectVersion = 50;
	objects = {

/* Begin PBXBuildFile section */
		856AF62F265B8A6F00717BC4 /* CustomText.swift in Sources */ = {isa = PBXBuildFile; fileRef = 856AF62E265B8A6F00717BC4 /* CustomText.swift */; };
		856AF633265B96F200717BC4 /* User.swift in Sources */ = {isa = PBXBuildFile; fileRef = 856AF632265B96F200717BC4 /* User.swift */; };
		856AF639265BA13B00717BC4 /* astronauts.json in Resources */ = {isa = PBXBuildFile; fileRef = 856AF637265BA13B00717BC4 /* astronauts.json */; };
		856AF63A265BA13B00717BC4 /* missions.json in Resources */ = {isa = PBXBuildFile; fileRef = 856AF638265BA13B00717BC4 /* missions.json */; };
		856AF63D265BA4DA00717BC4 /* Astronaut.swift in Sources */ = {isa = PBXBuildFile; fileRef = 856AF63C265BA4DA00717BC4 /* Astronaut.swift */; };
		856AF640265BA52F00717BC4 /* Bundle+Decodable.swift in Sources */ = {isa = PBXBuildFile; fileRef = 856AF63F265BA52F00717BC4 /* Bundle+Decodable.swift */; };
		856AF645265BA65B00717BC4 /* AstronautsView.swift in Sources */ = {isa = PBXBuildFile; fileRef = 856AF644265BA65B00717BC4 /* AstronautsView.swift */; };
		856AF64A265BA7AB00717BC4 /* Mission.swift in Sources */ = {isa = PBXBuildFile; fileRef = 856AF649265BA7AB00717BC4 /* Mission.swift */; };
		857B20BE2655073F00945A55 /* WordsScrumbleView.swift in Sources */ = {isa = PBXBuildFile; fileRef = 857B20BD2655073F00945A55 /* WordsScrumbleView.swift */; };
		857B20C22655361500945A55 /* AnimationView.swift in Sources */ = {isa = PBXBuildFile; fileRef = 857B20C12655361500945A55 /* AnimationView.swift */; };
		857B20C6265544C800945A55 /* AnimationView2.swift in Sources */ = {isa = PBXBuildFile; fileRef = 857B20C5265544C800945A55 /* AnimationView2.swift */; };
		857B20CA26554D8B00945A55 /* AnimationView3.swift in Sources */ = {isa = PBXBuildFile; fileRef = 857B20C926554D8B00945A55 /* AnimationView3.swift */; };
		857B2101265654FF00945A55 /* AnimationStackView.swift in Sources */ = {isa = PBXBuildFile; fileRef = 857B2100265654FF00945A55 /* AnimationStackView.swift */; };
		857B2104265657B000945A55 /* AnimationGestureView.swift in Sources */ = {isa = PBXBuildFile; fileRef = 857B2103265657B000945A55 /* AnimationGestureView.swift */; };
		857B210726566EBF00945A55 /* AnimationShowHideView.swift in Sources */ = {isa = PBXBuildFile; fileRef = 857B210626566EBF00945A55 /* AnimationShowHideView.swift */; };
		857B21242657A16900945A55 /* iExpenseStateView.swift in Sources */ = {isa = PBXBuildFile; fileRef = 857B21232657A16900945A55 /* iExpenseStateView.swift */; };
		857B21282657CAA800945A55 /* UDView.swift in Sources */ = {isa = PBXBuildFile; fileRef = 857B21272657CAA800945A55 /* UDView.swift */; };
		857B212B2657CF1A00945A55 /* ArchiveObjectView.swift in Sources */ = {isa = PBXBuildFile; fileRef = 857B212A2657CF1A00945A55 /* ArchiveObjectView.swift */; };
		857B218E2658F15D00945A55 /* ExpensesListView.swift in Sources */ = {isa = PBXBuildFile; fileRef = 857B218D2658F15D00945A55 /* ExpensesListView.swift */; };
		857B2191265909A800945A55 /* AddNewExpenseView.swift in Sources */ = {isa = PBXBuildFile; fileRef = 857B2190265909A800945A55 /* AddNewExpenseView.swift */; };
		857B2197265B782300945A55 /* ImagesView.swift in Sources */ = {isa = PBXBuildFile; fileRef = 857B2196265B782300945A55 /* ImagesView.swift */; };
		857EA9092654F3210033F75C /* DaysSwiftUIApp.swift in Sources */ = {isa = PBXBuildFile; fileRef = 857EA9082654F3210033F75C /* DaysSwiftUIApp.swift */; };
		857EA90D2654F3240033F75C /* Assets.xcassets in Resources */ = {isa = PBXBuildFile; fileRef = 857EA90C2654F3240033F75C /* Assets.xcassets */; };
		857EA9102654F3240033F75C /* Preview Assets.xcassets in Resources */ = {isa = PBXBuildFile; fileRef = 857EA90F2654F3240033F75C /* Preview Assets.xcassets */; };
		857EA92E2654F3320033F75C /* WeSplitView.swift in Sources */ = {isa = PBXBuildFile; fileRef = 857EA9192654F3320033F75C /* WeSplitView.swift */; };
		857EA92F2654F3320033F75C /* CapsuleText.swift in Sources */ = {isa = PBXBuildFile; fileRef = 857EA91B2654F3320033F75C /* CapsuleText.swift */; };
		857EA9302654F3320033F75C /* GridStack.swift in Sources */ = {isa = PBXBuildFile; fileRef = 857EA91D2654F3320033F75C /* GridStack.swift */; };
		857EA9312654F3320033F75C /* LargeBlueText.swift in Sources */ = {isa = PBXBuildFile; fileRef = 857EA91F2654F3320033F75C /* LargeBlueText.swift */; };
		857EA9322654F3320033F75C /* Title.swift in Sources */ = {isa = PBXBuildFile; fileRef = 857EA9202654F3320033F75C /* Title.swift */; };
		857EA9332654F3320033F75C /* Watermark.swift in Sources */ = {isa = PBXBuildFile; fileRef = 857EA9212654F3320033F75C /* Watermark.swift */; };
		857EA9342654F3320033F75C /* TechProjectView.swift in Sources */ = {isa = PBXBuildFile; fileRef = 857EA9222654F3320033F75C /* TechProjectView.swift */; };
		857EA9352654F3320033F75C /* View+Ext.swift in Sources */ = {isa = PBXBuildFile; fileRef = 857EA9232654F3320033F75C /* View+Ext.swift */; };
		857EA9362654F3320033F75C /* BetterRestView.swift in Sources */ = {isa = PBXBuildFile; fileRef = 857EA9252654F3320033F75C /* BetterRestView.swift */; };
		857EA9372654F3330033F75C /* DatePickerView.swift in Sources */ = {isa = PBXBuildFile; fileRef = 857EA9262654F3320033F75C /* DatePickerView.swift */; };
		857EA9382654F3330033F75C /* SleepCalculator.mlmodel in Sources */ = {isa = PBXBuildFile; fileRef = 857EA9272654F3320033F75C /* SleepCalculator.mlmodel */; };
		857EA9392654F3330033F75C /* ContentView.swift in Sources */ = {isa = PBXBuildFile; fileRef = 857EA9292654F3320033F75C /* ContentView.swift */; };
		857EA93A2654F3330033F75C /* FlagsView.swift in Sources */ = {isa = PBXBuildFile; fileRef = 857EA92A2654F3320033F75C /* FlagsView.swift */; };
		857EA93B2654F3330033F75C /* start.txt in Resources */ = {isa = PBXBuildFile; fileRef = 857EA92C2654F3320033F75C /* start.txt */; };
		857EA93C2654F3330033F75C /* WordsView.swift in Sources */ = {isa = PBXBuildFile; fileRef = 857EA92D2654F3320033F75C /* WordsView.swift */; };
		859708A9265CD8C200EE6AA6 /* MissionView.swift in Sources */ = {isa = PBXBuildFile; fileRef = 859708A8265CD8C200EE6AA6 /* MissionView.swift */; };
		859708AC265CEBA400EE6AA6 /* AstronautView.swift in Sources */ = {isa = PBXBuildFile; fileRef = 859708AB265CEBA400EE6AA6 /* AstronautView.swift */; };
/* End PBXBuildFile section */

/* Begin PBXFileReference section */
		856AF62E265B8A6F00717BC4 /* CustomText.swift */ = {isa = PBXFileReference; lastKnownFileType = sourcecode.swift; path = CustomText.swift; sourceTree = "<group>"; };
		856AF632265B96F200717BC4 /* User.swift */ = {isa = PBXFileReference; lastKnownFileType = sourcecode.swift; path = User.swift; sourceTree = "<group>"; };
		856AF637265BA13B00717BC4 /* astronauts.json */ = {isa = PBXFileReference; fileEncoding = 4; lastKnownFileType = text.json; path = astronauts.json; sourceTree = "<group>"; };
		856AF638265BA13B00717BC4 /* missions.json */ = {isa = PBXFileReference; fileEncoding = 4; lastKnownFileType = text.json; path = missions.json; sourceTree = "<group>"; };
		856AF63C265BA4DA00717BC4 /* Astronaut.swift */ = {isa = PBXFileReference; lastKnownFileType = sourcecode.swift; path = Astronaut.swift; sourceTree = "<group>"; };
		856AF63F265BA52F00717BC4 /* Bundle+Decodable.swift */ = {isa = PBXFileReference; lastKnownFileType = sourcecode.swift; path = "Bundle+Decodable.swift"; sourceTree = "<group>"; };
		856AF644265BA65B00717BC4 /* AstronautsView.swift */ = {isa = PBXFileReference; lastKnownFileType = sourcecode.swift; path = AstronautsView.swift; sourceTree = "<group>"; };
		856AF649265BA7AB00717BC4 /* Mission.swift */ = {isa = PBXFileReference; lastKnownFileType = sourcecode.swift; path = Mission.swift; sourceTree = "<group>"; };
		857B20BD2655073F00945A55 /* WordsScrumbleView.swift */ = {isa = PBXFileReference; lastKnownFileType = sourcecode.swift; path = WordsScrumbleView.swift; sourceTree = "<group>"; };
		857B20C12655361500945A55 /* AnimationView.swift */ = {isa = PBXFileReference; lastKnownFileType = sourcecode.swift; path = AnimationView.swift; sourceTree = "<group>"; };
		857B20C5265544C800945A55 /* AnimationView2.swift */ = {isa = PBXFileReference; lastKnownFileType = sourcecode.swift; path = AnimationView2.swift; sourceTree = "<group>"; };
		857B20C926554D8B00945A55 /* AnimationView3.swift */ = {isa = PBXFileReference; lastKnownFileType = sourcecode.swift; path = AnimationView3.swift; sourceTree = "<group>"; };
		857B2100265654FF00945A55 /* AnimationStackView.swift */ = {isa = PBXFileReference; lastKnownFileType = sourcecode.swift; path = AnimationStackView.swift; sourceTree = "<group>"; };
		857B2103265657B000945A55 /* AnimationGestureView.swift */ = {isa = PBXFileReference; lastKnownFileType = sourcecode.swift; path = AnimationGestureView.swift; sourceTree = "<group>"; };
		857B210626566EBF00945A55 /* AnimationShowHideView.swift */ = {isa = PBXFileReference; lastKnownFileType = sourcecode.swift; path = AnimationShowHideView.swift; sourceTree = "<group>"; };
		857B21232657A16900945A55 /* iExpenseStateView.swift */ = {isa = PBXFileReference; lastKnownFileType = sourcecode.swift; path = iExpenseStateView.swift; sourceTree = "<group>"; };
		857B21272657CAA800945A55 /* UDView.swift */ = {isa = PBXFileReference; lastKnownFileType = sourcecode.swift; path = UDView.swift; sourceTree = "<group>"; };
		857B212A2657CF1A00945A55 /* ArchiveObjectView.swift */ = {isa = PBXFileReference; lastKnownFileType = sourcecode.swift; path = ArchiveObjectView.swift; sourceTree = "<group>"; };
		857B218D2658F15D00945A55 /* ExpensesListView.swift */ = {isa = PBXFileReference; lastKnownFileType = sourcecode.swift; path = ExpensesListView.swift; sourceTree = "<group>"; };
		857B2190265909A800945A55 /* AddNewExpenseView.swift */ = {isa = PBXFileReference; lastKnownFileType = sourcecode.swift; path = AddNewExpenseView.swift; sourceTree = "<group>"; };
		857B2196265B782300945A55 /* ImagesView.swift */ = {isa = PBXFileReference; lastKnownFileType = sourcecode.swift; path = ImagesView.swift; sourceTree = "<group>"; };
		857EA9052654F3210033F75C /* DaysSwiftUI.app */ = {isa = PBXFileReference; explicitFileType = wrapper.application; includeInIndex = 0; path = DaysSwiftUI.app; sourceTree = BUILT_PRODUCTS_DIR; };
		857EA9082654F3210033F75C /* DaysSwiftUIApp.swift */ = {isa = PBXFileReference; lastKnownFileType = sourcecode.swift; path = DaysSwiftUIApp.swift; sourceTree = "<group>"; };
		857EA90C2654F3240033F75C /* Assets.xcassets */ = {isa = PBXFileReference; lastKnownFileType = folder.assetcatalog; path = Assets.xcassets; sourceTree = "<group>"; };
		857EA90F2654F3240033F75C /* Preview Assets.xcassets */ = {isa = PBXFileReference; lastKnownFileType = folder.assetcatalog; path = "Preview Assets.xcassets"; sourceTree = "<group>"; };
		857EA9112654F3240033F75C /* Info.plist */ = {isa = PBXFileReference; lastKnownFileType = text.plist.xml; path = Info.plist; sourceTree = "<group>"; };
		857EA9192654F3320033F75C /* WeSplitView.swift */ = {isa = PBXFileReference; fileEncoding = 4; lastKnownFileType = sourcecode.swift; path = WeSplitView.swift; sourceTree = "<group>"; };
		857EA91B2654F3320033F75C /* CapsuleText.swift */ = {isa = PBXFileReference; fileEncoding = 4; lastKnownFileType = sourcecode.swift; path = CapsuleText.swift; sourceTree = "<group>"; };
		857EA91D2654F3320033F75C /* GridStack.swift */ = {isa = PBXFileReference; fileEncoding = 4; lastKnownFileType = sourcecode.swift; path = GridStack.swift; sourceTree = "<group>"; };
		857EA91F2654F3320033F75C /* LargeBlueText.swift */ = {isa = PBXFileReference; fileEncoding = 4; lastKnownFileType = sourcecode.swift; path = LargeBlueText.swift; sourceTree = "<group>"; };
		857EA9202654F3320033F75C /* Title.swift */ = {isa = PBXFileReference; fileEncoding = 4; lastKnownFileType = sourcecode.swift; path = Title.swift; sourceTree = "<group>"; };
		857EA9212654F3320033F75C /* Watermark.swift */ = {isa = PBXFileReference; fileEncoding = 4; lastKnownFileType = sourcecode.swift; path = Watermark.swift; sourceTree = "<group>"; };
		857EA9222654F3320033F75C /* TechProjectView.swift */ = {isa = PBXFileReference; fileEncoding = 4; lastKnownFileType = sourcecode.swift; path = TechProjectView.swift; sourceTree = "<group>"; };
		857EA9232654F3320033F75C /* View+Ext.swift */ = {isa = PBXFileReference; fileEncoding = 4; lastKnownFileType = sourcecode.swift; path = "View+Ext.swift"; sourceTree = "<group>"; };
		857EA9252654F3320033F75C /* BetterRestView.swift */ = {isa = PBXFileReference; fileEncoding = 4; lastKnownFileType = sourcecode.swift; path = BetterRestView.swift; sourceTree = "<group>"; };
		857EA9262654F3320033F75C /* DatePickerView.swift */ = {isa = PBXFileReference; fileEncoding = 4; lastKnownFileType = sourcecode.swift; path = DatePickerView.swift; sourceTree = "<group>"; };
		857EA9272654F3320033F75C /* SleepCalculator.mlmodel */ = {isa = PBXFileReference; lastKnownFileType = file.mlmodel; path = SleepCalculator.mlmodel; sourceTree = "<group>"; };
		857EA9292654F3320033F75C /* ContentView.swift */ = {isa = PBXFileReference; fileEncoding = 4; lastKnownFileType = sourcecode.swift; path = ContentView.swift; sourceTree = "<group>"; };
		857EA92A2654F3320033F75C /* FlagsView.swift */ = {isa = PBXFileReference; fileEncoding = 4; lastKnownFileType = sourcecode.swift; path = FlagsView.swift; sourceTree = "<group>"; };
		857EA92C2654F3320033F75C /* start.txt */ = {isa = PBXFileReference; fileEncoding = 4; lastKnownFileType = text; path = start.txt; sourceTree = "<group>"; };
		857EA92D2654F3320033F75C /* WordsView.swift */ = {isa = PBXFileReference; fileEncoding = 4; lastKnownFileType = sourcecode.swift; path = WordsView.swift; sourceTree = "<group>"; };
		859708A8265CD8C200EE6AA6 /* MissionView.swift */ = {isa = PBXFileReference; lastKnownFileType = sourcecode.swift; path = MissionView.swift; sourceTree = "<group>"; };
		859708AB265CEBA400EE6AA6 /* AstronautView.swift */ = {isa = PBXFileReference; lastKnownFileType = sourcecode.swift; path = AstronautView.swift; sourceTree = "<group>"; };
/* End PBXFileReference section */

/* Begin PBXFrameworksBuildPhase section */
		857EA9022654F3210033F75C /* Frameworks */ = {
			isa = PBXFrameworksBuildPhase;
			buildActionMask = 2147483647;
			files = (
			);
			runOnlyForDeploymentPostprocessing = 0;
		};
/* End PBXFrameworksBuildPhase section */

/* Begin PBXGroup section */
		856AF631265B96E600717BC4 /* Globals */ = {
			isa = PBXGroup;
			children = (
				856AF632265B96F200717BC4 /* User.swift */,
			);
			path = Globals;
			sourceTree = "<group>";
		};
		856AF636265BA12F00717BC4 /* Resourses */ = {
			isa = PBXGroup;
			children = (
				856AF637265BA13B00717BC4 /* astronauts.json */,
				856AF638265BA13B00717BC4 /* missions.json */,
			);
			path = Resourses;
			sourceTree = "<group>";
		};
		856AF643265BA64300717BC4 /* Tutorials */ = {
			isa = PBXGroup;
			children = (
				857B2196265B782300945A55 /* ImagesView.swift */,
				856AF62E265B8A6F00717BC4 /* CustomText.swift */,
			);
			path = Tutorials;
			sourceTree = "<group>";
		};
		856AF648265BA79600717BC4 /* Astronauts */ = {
			isa = PBXGroup;
			children = (
				856AF63C265BA4DA00717BC4 /* Astronaut.swift */,
				856AF649265BA7AB00717BC4 /* Mission.swift */,
				856AF63F265BA52F00717BC4 /* Bundle+Decodable.swift */,
				856AF644265BA65B00717BC4 /* AstronautsView.swift */,
				859708A8265CD8C200EE6AA6 /* MissionView.swift */,
				859708AB265CEBA400EE6AA6 /* AstronautView.swift */,
			);
			path = Astronauts;
			sourceTree = "<group>";
		};
		857B20C02655349500945A55 /* Project6-Animations */ = {
			isa = PBXGroup;
			children = (
				857B20C12655361500945A55 /* AnimationView.swift */,
				857B20C5265544C800945A55 /* AnimationView2.swift */,
				857B20C926554D8B00945A55 /* AnimationView3.swift */,
				857B2100265654FF00945A55 /* AnimationStackView.swift */,
				857B2103265657B000945A55 /* AnimationGestureView.swift */,
				857B210626566EBF00945A55 /* AnimationShowHideView.swift */,
			);
			path = "Project6-Animations";
			sourceTree = "<group>";
		};
		857B2122265799C800945A55 /* Project7-iExpense */ = {
			isa = PBXGroup;
			children = (
				857B21232657A16900945A55 /* iExpenseStateView.swift */,
				857B21272657CAA800945A55 /* UDView.swift */,
				857B212A2657CF1A00945A55 /* ArchiveObjectView.swift */,
				857B218D2658F15D00945A55 /* ExpensesListView.swift */,
				857B2190265909A800945A55 /* AddNewExpenseView.swift */,
			);
			path = "Project7-iExpense";
			sourceTree = "<group>";
		};
		857B2195265B780B00945A55 /* Project8-Images */ = {
			isa = PBXGroup;
			children = (
				856AF648265BA79600717BC4 /* Astronauts */,
				856AF643265BA64300717BC4 /* Tutorials */,
				856AF636265BA12F00717BC4 /* Resourses */,
			);
			path = "Project8-Images";
			sourceTree = "<group>";
		};
		857EA8FC2654F3210033F75C = {
			isa = PBXGroup;
			children = (
				857EA9072654F3210033F75C /* DaysSwiftUI */,
				857EA9062654F3210033F75C /* Products */,
			);
			sourceTree = "<group>";
		};
		857EA9062654F3210033F75C /* Products */ = {
			isa = PBXGroup;
			children = (
				857EA9052654F3210033F75C /* DaysSwiftUI.app */,
			);
			name = Products;
			sourceTree = "<group>";
		};
		857EA9072654F3210033F75C /* DaysSwiftUI */ = {
			isa = PBXGroup;
			children = (
				856AF631265B96E600717BC4 /* Globals */,
				857EA9282654F3320033F75C /* Project1-Flags */,
				857EA9182654F3320033F75C /* Project2-WeSplit */,
				857EA91A2654F3320033F75C /* Project3-Customs */,
				857EA9242654F3320033F75C /* Project4-ML */,
				857EA92B2654F3320033F75C /* Project5-WordScramble */,
				857B20C02655349500945A55 /* Project6-Animations */,
				857B2122265799C800945A55 /* Project7-iExpense */,
				857B2195265B780B00945A55 /* Project8-Images */,
				857EA9082654F3210033F75C /* DaysSwiftUIApp.swift */,
				857EA90C2654F3240033F75C /* Assets.xcassets */,
				857EA9112654F3240033F75C /* Info.plist */,
				857EA90E2654F3240033F75C /* Preview Content */,
			);
			path = DaysSwiftUI;
			sourceTree = "<group>";
		};
		857EA90E2654F3240033F75C /* Preview Content */ = {
			isa = PBXGroup;
			children = (
				857EA90F2654F3240033F75C /* Preview Assets.xcassets */,
			);
			path = "Preview Content";
			sourceTree = "<group>";
		};
		857EA9182654F3320033F75C /* Project2-WeSplit */ = {
			isa = PBXGroup;
			children = (
				857EA9192654F3320033F75C /* WeSplitView.swift */,
			);
			path = "Project2-WeSplit";
			sourceTree = "<group>";
		};
		857EA91A2654F3320033F75C /* Project3-Customs */ = {
			isa = PBXGroup;
			children = (
				857EA91B2654F3320033F75C /* CapsuleText.swift */,
				857EA91C2654F3320033F75C /* CustomContainers */,
				857EA91E2654F3320033F75C /* CustomModifiers */,
				857EA9222654F3320033F75C /* TechProjectView.swift */,
				857EA9232654F3320033F75C /* View+Ext.swift */,
			);
			path = "Project3-Customs";
			sourceTree = "<group>";
		};
		857EA91C2654F3320033F75C /* CustomContainers */ = {
			isa = PBXGroup;
			children = (
				857EA91D2654F3320033F75C /* GridStack.swift */,
			);
			path = CustomContainers;
			sourceTree = "<group>";
		};
		857EA91E2654F3320033F75C /* CustomModifiers */ = {
			isa = PBXGroup;
			children = (
				857EA91F2654F3320033F75C /* LargeBlueText.swift */,
				857EA9202654F3320033F75C /* Title.swift */,
				857EA9212654F3320033F75C /* Watermark.swift */,
			);
			path = CustomModifiers;
			sourceTree = "<group>";
		};
		857EA9242654F3320033F75C /* Project4-ML */ = {
			isa = PBXGroup;
			children = (
				857EA9252654F3320033F75C /* BetterRestView.swift */,
				857EA9262654F3320033F75C /* DatePickerView.swift */,
				857EA9272654F3320033F75C /* SleepCalculator.mlmodel */,
			);
			path = "Project4-ML";
			sourceTree = "<group>";
		};
		857EA9282654F3320033F75C /* Project1-Flags */ = {
			isa = PBXGroup;
			children = (
				857EA9292654F3320033F75C /* ContentView.swift */,
				857EA92A2654F3320033F75C /* FlagsView.swift */,
			);
			path = "Project1-Flags";
			sourceTree = "<group>";
		};
		857EA92B2654F3320033F75C /* Project5-WordScramble */ = {
			isa = PBXGroup;
			children = (
				857EA92C2654F3320033F75C /* start.txt */,
				857EA92D2654F3320033F75C /* WordsView.swift */,
				857B20BD2655073F00945A55 /* WordsScrumbleView.swift */,
			);
			path = "Project5-WordScramble";
			sourceTree = "<group>";
		};
/* End PBXGroup section */

/* Begin PBXNativeTarget section */
		857EA9042654F3210033F75C /* DaysSwiftUI */ = {
			isa = PBXNativeTarget;
			buildConfigurationList = 857EA9142654F3240033F75C /* Build configuration list for PBXNativeTarget "DaysSwiftUI" */;
			buildPhases = (
				857EA9012654F3210033F75C /* Sources */,
				857EA9022654F3210033F75C /* Frameworks */,
				857EA9032654F3210033F75C /* Resources */,
			);
			buildRules = (
			);
			dependencies = (
			);
			name = DaysSwiftUI;
			productName = DaysSwiftUI;
			productReference = 857EA9052654F3210033F75C /* DaysSwiftUI.app */;
			productType = "com.apple.product-type.application";
		};
/* End PBXNativeTarget section */

/* Begin PBXProject section */
		857EA8FD2654F3210033F75C /* Project object */ = {
			isa = PBXProject;
			attributes = {
				LastSwiftUpdateCheck = 1240;
				LastUpgradeCheck = 1240;
				TargetAttributes = {
					857EA9042654F3210033F75C = {
						CreatedOnToolsVersion = 12.4;
					};
				};
			};
			buildConfigurationList = 857EA9002654F3210033F75C /* Build configuration list for PBXProject "DaysSwiftUI" */;
			compatibilityVersion = "Xcode 9.3";
			developmentRegion = en;
			hasScannedForEncodings = 0;
			knownRegions = (
				en,
				Base,
			);
			mainGroup = 857EA8FC2654F3210033F75C;
			productRefGroup = 857EA9062654F3210033F75C /* Products */;
			projectDirPath = "";
			projectRoot = "";
			targets = (
				857EA9042654F3210033F75C /* DaysSwiftUI */,
			);
		};
/* End PBXProject section */

/* Begin PBXResourcesBuildPhase section */
		857EA9032654F3210033F75C /* Resources */ = {
			isa = PBXResourcesBuildPhase;
			buildActionMask = 2147483647;
			files = (
				857EA9102654F3240033F75C /* Preview Assets.xcassets in Resources */,
				856AF63A265BA13B00717BC4 /* missions.json in Resources */,
				857EA93B2654F3330033F75C /* start.txt in Resources */,
				857EA90D2654F3240033F75C /* Assets.xcassets in Resources */,
				856AF639265BA13B00717BC4 /* astronauts.json in Resources */,
			);
			runOnlyForDeploymentPostprocessing = 0;
		};
/* End PBXResourcesBuildPhase section */

/* Begin PBXSourcesBuildPhase section */
		857EA9012654F3210033F75C /* Sources */ = {
			isa = PBXSourcesBuildPhase;
			buildActionMask = 2147483647;
			files = (
				857EA9332654F3320033F75C /* Watermark.swift in Sources */,
				857EA9302654F3320033F75C /* GridStack.swift in Sources */,
				857B2191265909A800945A55 /* AddNewExpenseView.swift in Sources */,
				857B20C6265544C800945A55 /* AnimationView2.swift in Sources */,
				857B212B2657CF1A00945A55 /* ArchiveObjectView.swift in Sources */,
				857B2104265657B000945A55 /* AnimationGestureView.swift in Sources */,
				857EA93C2654F3330033F75C /* WordsView.swift in Sources */,
				857EA9392654F3330033F75C /* ContentView.swift in Sources */,
				856AF633265B96F200717BC4 /* User.swift in Sources */,
				857EA9352654F3320033F75C /* View+Ext.swift in Sources */,
				859708AC265CEBA400EE6AA6 /* AstronautView.swift in Sources */,
				857EA92E2654F3320033F75C /* WeSplitView.swift in Sources */,
				856AF640265BA52F00717BC4 /* Bundle+Decodable.swift in Sources */,
				856AF62F265B8A6F00717BC4 /* CustomText.swift in Sources */,
				857EA9342654F3320033F75C /* TechProjectView.swift in Sources */,
				859708A9265CD8C200EE6AA6 /* MissionView.swift in Sources */,
				857B20C22655361500945A55 /* AnimationView.swift in Sources */,
				857EA9322654F3320033F75C /* Title.swift in Sources */,
				857EA9372654F3330033F75C /* DatePickerView.swift in Sources */,
				856AF645265BA65B00717BC4 /* AstronautsView.swift in Sources */,
				857B20BE2655073F00945A55 /* WordsScrumbleView.swift in Sources */,
				857EA9312654F3320033F75C /* LargeBlueText.swift in Sources */,
				856AF63D265BA4DA00717BC4 /* Astronaut.swift in Sources */,
				857EA9362654F3320033F75C /* BetterRestView.swift in Sources */,
				857B21242657A16900945A55 /* iExpenseStateView.swift in Sources */,
				857EA93A2654F3330033F75C /* FlagsView.swift in Sources */,
				857EA92F2654F3320033F75C /* CapsuleText.swift in Sources */,
				857B2101265654FF00945A55 /* AnimationStackView.swift in Sources */,
				857B21282657CAA800945A55 /* UDView.swift in Sources */,
				857B210726566EBF00945A55 /* AnimationShowHideView.swift in Sources */,
				857B20CA26554D8B00945A55 /* AnimationView3.swift in Sources */,
				857B2197265B782300945A55 /* ImagesView.swift in Sources */,
				856AF64A265BA7AB00717BC4 /* Mission.swift in Sources */,
				857EA9092654F3210033F75C /* DaysSwiftUIApp.swift in Sources */,
				857EA9382654F3330033F75C /* SleepCalculator.mlmodel in Sources */,
				857B218E2658F15D00945A55 /* ExpensesListView.swift in Sources */,
			);
			runOnlyForDeploymentPostprocessing = 0;
		};
/* End PBXSourcesBuildPhase section */

/* Begin XCBuildConfiguration section */
		857EA9122654F3240033F75C /* Debug */ = {
			isa = XCBuildConfiguration;
			buildSettings = {
				ALWAYS_SEARCH_USER_PATHS = NO;
				CLANG_ANALYZER_NONNULL = YES;
				CLANG_ANALYZER_NUMBER_OBJECT_CONVERSION = YES_AGGRESSIVE;
				CLANG_CXX_LANGUAGE_STANDARD = "gnu++14";
				CLANG_CXX_LIBRARY = "libc++";
				CLANG_ENABLE_MODULES = YES;
				CLANG_ENABLE_OBJC_ARC = YES;
				CLANG_ENABLE_OBJC_WEAK = YES;
				CLANG_WARN_BLOCK_CAPTURE_AUTORELEASING = YES;
				CLANG_WARN_BOOL_CONVERSION = YES;
				CLANG_WARN_COMMA = YES;
				CLANG_WARN_CONSTANT_CONVERSION = YES;
				CLANG_WARN_DEPRECATED_OBJC_IMPLEMENTATIONS = YES;
				CLANG_WARN_DIRECT_OBJC_ISA_USAGE = YES_ERROR;
				CLANG_WARN_DOCUMENTATION_COMMENTS = YES;
				CLANG_WARN_EMPTY_BODY = YES;
				CLANG_WARN_ENUM_CONVERSION = YES;
				CLANG_WARN_INFINITE_RECURSION = YES;
				CLANG_WARN_INT_CONVERSION = YES;
				CLANG_WARN_NON_LITERAL_NULL_CONVERSION = YES;
				CLANG_WARN_OBJC_IMPLICIT_RETAIN_SELF = YES;
				CLANG_WARN_OBJC_LITERAL_CONVERSION = YES;
				CLANG_WARN_OBJC_ROOT_CLASS = YES_ERROR;
				CLANG_WARN_QUOTED_INCLUDE_IN_FRAMEWORK_HEADER = YES;
				CLANG_WARN_RANGE_LOOP_ANALYSIS = YES;
				CLANG_WARN_STRICT_PROTOTYPES = YES;
				CLANG_WARN_SUSPICIOUS_MOVE = YES;
				CLANG_WARN_UNGUARDED_AVAILABILITY = YES_AGGRESSIVE;
				CLANG_WARN_UNREACHABLE_CODE = YES;
				CLANG_WARN__DUPLICATE_METHOD_MATCH = YES;
				COPY_PHASE_STRIP = NO;
				DEBUG_INFORMATION_FORMAT = dwarf;
				ENABLE_STRICT_OBJC_MSGSEND = YES;
				ENABLE_TESTABILITY = YES;
				GCC_C_LANGUAGE_STANDARD = gnu11;
				GCC_DYNAMIC_NO_PIC = NO;
				GCC_NO_COMMON_BLOCKS = YES;
				GCC_OPTIMIZATION_LEVEL = 0;
				GCC_PREPROCESSOR_DEFINITIONS = (
					"DEBUG=1",
					"$(inherited)",
				);
				GCC_WARN_64_TO_32_BIT_CONVERSION = YES;
				GCC_WARN_ABOUT_RETURN_TYPE = YES_ERROR;
				GCC_WARN_UNDECLARED_SELECTOR = YES;
				GCC_WARN_UNINITIALIZED_AUTOS = YES_AGGRESSIVE;
				GCC_WARN_UNUSED_FUNCTION = YES;
				GCC_WARN_UNUSED_VARIABLE = YES;
				IPHONEOS_DEPLOYMENT_TARGET = 14.4;
				MTL_ENABLE_DEBUG_INFO = INCLUDE_SOURCE;
				MTL_FAST_MATH = YES;
				ONLY_ACTIVE_ARCH = YES;
				SDKROOT = iphoneos;
				SWIFT_ACTIVE_COMPILATION_CONDITIONS = DEBUG;
				SWIFT_OPTIMIZATION_LEVEL = "-Onone";
			};
			name = Debug;
		};
		857EA9132654F3240033F75C /* Release */ = {
			isa = XCBuildConfiguration;
			buildSettings = {
				ALWAYS_SEARCH_USER_PATHS = NO;
				CLANG_ANALYZER_NONNULL = YES;
				CLANG_ANALYZER_NUMBER_OBJECT_CONVERSION = YES_AGGRESSIVE;
				CLANG_CXX_LANGUAGE_STANDARD = "gnu++14";
				CLANG_CXX_LIBRARY = "libc++";
				CLANG_ENABLE_MODULES = YES;
				CLANG_ENABLE_OBJC_ARC = YES;
				CLANG_ENABLE_OBJC_WEAK = YES;
				CLANG_WARN_BLOCK_CAPTURE_AUTORELEASING = YES;
				CLANG_WARN_BOOL_CONVERSION = YES;
				CLANG_WARN_COMMA = YES;
				CLANG_WARN_CONSTANT_CONVERSION = YES;
				CLANG_WARN_DEPRECATED_OBJC_IMPLEMENTATIONS = YES;
				CLANG_WARN_DIRECT_OBJC_ISA_USAGE = YES_ERROR;
				CLANG_WARN_DOCUMENTATION_COMMENTS = YES;
				CLANG_WARN_EMPTY_BODY = YES;
				CLANG_WARN_ENUM_CONVERSION = YES;
				CLANG_WARN_INFINITE_RECURSION = YES;
				CLANG_WARN_INT_CONVERSION = YES;
				CLANG_WARN_NON_LITERAL_NULL_CONVERSION = YES;
				CLANG_WARN_OBJC_IMPLICIT_RETAIN_SELF = YES;
				CLANG_WARN_OBJC_LITERAL_CONVERSION = YES;
				CLANG_WARN_OBJC_ROOT_CLASS = YES_ERROR;
				CLANG_WARN_QUOTED_INCLUDE_IN_FRAMEWORK_HEADER = YES;
				CLANG_WARN_RANGE_LOOP_ANALYSIS = YES;
				CLANG_WARN_STRICT_PROTOTYPES = YES;
				CLANG_WARN_SUSPICIOUS_MOVE = YES;
				CLANG_WARN_UNGUARDED_AVAILABILITY = YES_AGGRESSIVE;
				CLANG_WARN_UNREACHABLE_CODE = YES;
				CLANG_WARN__DUPLICATE_METHOD_MATCH = YES;
				COPY_PHASE_STRIP = NO;
				DEBUG_INFORMATION_FORMAT = "dwarf-with-dsym";
				ENABLE_NS_ASSERTIONS = NO;
				ENABLE_STRICT_OBJC_MSGSEND = YES;
				GCC_C_LANGUAGE_STANDARD = gnu11;
				GCC_NO_COMMON_BLOCKS = YES;
				GCC_WARN_64_TO_32_BIT_CONVERSION = YES;
				GCC_WARN_ABOUT_RETURN_TYPE = YES_ERROR;
				GCC_WARN_UNDECLARED_SELECTOR = YES;
				GCC_WARN_UNINITIALIZED_AUTOS = YES_AGGRESSIVE;
				GCC_WARN_UNUSED_FUNCTION = YES;
				GCC_WARN_UNUSED_VARIABLE = YES;
				IPHONEOS_DEPLOYMENT_TARGET = 14.4;
				MTL_ENABLE_DEBUG_INFO = NO;
				MTL_FAST_MATH = YES;
				SDKROOT = iphoneos;
				SWIFT_COMPILATION_MODE = wholemodule;
				SWIFT_OPTIMIZATION_LEVEL = "-O";
				VALIDATE_PRODUCT = YES;
			};
			name = Release;
		};
		857EA9152654F3240033F75C /* Debug */ = {
			isa = XCBuildConfiguration;
			buildSettings = {
				ASSETCATALOG_COMPILER_APPICON_NAME = AppIcon;
				ASSETCATALOG_COMPILER_GLOBAL_ACCENT_COLOR_NAME = AccentColor;
				CODE_SIGN_STYLE = Automatic;
				DEVELOPMENT_ASSET_PATHS = "\"DaysSwiftUI/Preview Content\"";
				DEVELOPMENT_TEAM = WHW593D57S;
				ENABLE_PREVIEWS = YES;
				INFOPLIST_FILE = DaysSwiftUI/Info.plist;
				IPHONEOS_DEPLOYMENT_TARGET = 14.0;
				LD_RUNPATH_SEARCH_PATHS = (
					"$(inherited)",
					"@executable_path/Frameworks",
				);
				PRODUCT_BUNDLE_IDENTIFIER = com.digitbrains.DaysSwiftUI;
				PRODUCT_NAME = "$(TARGET_NAME)";
				SWIFT_VERSION = 5.0;
				TARGETED_DEVICE_FAMILY = "1,2";
			};
			name = Debug;
		};
		857EA9162654F3240033F75C /* Release */ = {
			isa = XCBuildConfiguration;
			buildSettings = {
				ASSETCATALOG_COMPILER_APPICON_NAME = AppIcon;
				ASSETCATALOG_COMPILER_GLOBAL_ACCENT_COLOR_NAME = AccentColor;
				CODE_SIGN_STYLE = Automatic;
				DEVELOPMENT_ASSET_PATHS = "\"DaysSwiftUI/Preview Content\"";
				DEVELOPMENT_TEAM = WHW593D57S;
				ENABLE_PREVIEWS = YES;
				INFOPLIST_FILE = DaysSwiftUI/Info.plist;
				IPHONEOS_DEPLOYMENT_TARGET = 14.0;
				LD_RUNPATH_SEARCH_PATHS = (
					"$(inherited)",
					"@executable_path/Frameworks",
				);
				PRODUCT_BUNDLE_IDENTIFIER = com.digitbrains.DaysSwiftUI;
				PRODUCT_NAME = "$(TARGET_NAME)";
				SWIFT_VERSION = 5.0;
				TARGETED_DEVICE_FAMILY = "1,2";
			};
			name = Release;
		};
/* End XCBuildConfiguration section */

/* Begin XCConfigurationList section */
		857EA9002654F3210033F75C /* Build configuration list for PBXProject "DaysSwiftUI" */ = {
			isa = XCConfigurationList;
			buildConfigurations = (
				857EA9122654F3240033F75C /* Debug */,
				857EA9132654F3240033F75C /* Release */,
			);
			defaultConfigurationIsVisible = 0;
			defaultConfigurationName = Release;
		};
		857EA9142654F3240033F75C /* Build configuration list for PBXNativeTarget "DaysSwiftUI" */ = {
			isa = XCConfigurationList;
			buildConfigurations = (
				857EA9152654F3240033F75C /* Debug */,
				857EA9162654F3240033F75C /* Release */,
			);
			defaultConfigurationIsVisible = 0;
			defaultConfigurationName = Release;
		};
/* End XCConfigurationList section */
	};
	rootObject = 857EA8FD2654F3210033F75C /* Project object */;
}
